
Microsoft Visual Studio Solution File, Format Version 12.00
# Visual Studio Version 16
VisualStudioVersion = 16.0.31515.178
MinimumVisualStudioVersion = 10.0.40219.1
Project("{8BC9CEB8-8B4A-11D0-8D11-00A0C91BC942}") = "Ex1", "Ex1\Ex1.vcxproj", "{B70C04B1-5325-47CB-9EA8-FA25F88A8C75}"
EndProject
Project("{8BC9CEB8-8B4A-11D0-8D11-00A0C91BC942}") = "Ex2", "Ex2\Ex2.vcxproj", "{E055CE66-9641-47D1-8F24-ED29D650F393}"
EndProject
Project("{8BC9CEB8-8B4A-11D0-8D11-00A0C91BC942}") = "Ex3", "Ex3\Ex3.vcxproj", "{F7F6DA50-A8BA-4A27-A705-C2F152C8F27B}"
EndProject
Project("{8BC9CEB8-8B4A-11D0-8D11-00A0C91BC942}") = "Ex4p1", "Ex4p1\Ex4p1.vcxproj", "{E6A65D0C-03B9-4A85-AB6B-8CF6507F86E0}"
EndProject
Project("{8BC9CEB8-8B4A-11D0-8D11-00A0C91BC942}") = "Ex4p2", "Ex4p2\Ex4p2.vcxproj", "{526DC1CD-E653-4286-93EC-BF067E62D4FF}"
EndProject
Project("{8BC9CEB8-8B4A-11D0-8D11-00A0C91BC942}") = "Ex4p3", "Ex4p3\Ex4p3.vcxproj", "{61D87CE2-3D5D-4246-83DB-B976525A216B}"
EndProject
Project("{8BC9CEB8-8B4A-11D0-8D11-00A0C91BC942}") = "Ex5", "Ex5\Ex5.vcxproj", "{4ED449BD-CA1C-4AB3-AD26-684BB46DABAD}"
EndProject
Global
	GlobalSection(SolutionConfigurationPlatforms) = preSolution
		Debug|x64 = Debug|x64
		Debug|x86 = Debug|x86
		Release|x64 = Release|x64
		Release|x86 = Release|x86
	EndGlobalSection
	GlobalSection(ProjectConfigurationPlatforms) = postSolution
		{B70C04B1-5325-47CB-9EA8-FA25F88A8C75}.Debug|x64.ActiveCfg = Debug|x64
		{B70C04B1-5325-47CB-9EA8-FA25F88A8C75}.Debug|x64.Build.0 = Debug|x64
		{B70C04B1-5325-47CB-9EA8-FA25F88A8C75}.Debug|x86.ActiveCfg = Debug|Win32
		{B70C04B1-5325-47CB-9EA8-FA25F88A8C75}.Debug|x86.Build.0 = Debug|Win32
		{B70C04B1-5325-47CB-9EA8-FA25F88A8C75}.Release|x64.ActiveCfg = Release|x64
		{B70C04B1-5325-47CB-9EA8-FA25F88A8C75}.Release|x64.Build.0 = Release|x64
		{B70C04B1-5325-47CB-9EA8-FA25F88A8C75}.Release|x86.ActiveCfg = Release|Win32
		{B70C04B1-5325-47CB-9EA8-FA25F88A8C75}.Release|x86.Build.0 = Release|Win32
		{E055CE66-9641-47D1-8F24-ED29D650F393}.Debug|x64.ActiveCfg = Debug|Win32
		{E055CE66-9641-47D1-8F24-ED29D650F393}.Debug|x64.Build.0 = Debug|Win32
		{E055CE66-9641-47D1-8F24-ED29D650F393}.Debug|x86.ActiveCfg = Debug|Win32
		{E055CE66-9641-47D1-8F24-ED29D650F393}.Debug|x86.Build.0 = Debug|Win32
		{E055CE66-9641-47D1-8F24-ED29D650F393}.Release|x64.ActiveCfg = Release|x64
		{E055CE66-9641-47D1-8F24-ED29D650F393}.Release|x64.Build.0 = Release|x64
		{E055CE66-9641-47D1-8F24-ED29D650F393}.Release|x86.ActiveCfg = Release|Win32
		{E055CE66-9641-47D1-8F24-ED29D650F393}.Release|x86.Build.0 = Release|Win32
		{F7F6DA50-A8BA-4A27-A705-C2F152C8F27B}.Debug|x64.ActiveCfg = Debug|x64
		{F7F6DA50-A8BA-4A27-A705-C2F152C8F27B}.Debug|x64.Build.0 = Debug|x64
		{F7F6DA50-A8BA-4A27-A705-C2F152C8F27B}.Debug|x86.ActiveCfg = Debug|Win32
		{F7F6DA50-A8BA-4A27-A705-C2F152C8F27B}.Debug|x86.Build.0 = Debug|Win32
		{F7F6DA50-A8BA-4A27-A705-C2F152C8F27B}.Release|x64.ActiveCfg = Release|x64
		{F7F6DA50-A8BA-4A27-A705-C2F152C8F27B}.Release|x64.Build.0 = Release|x64
		{F7F6DA50-A8BA-4A27-A705-C2F152C8F27B}.Release|x86.ActiveCfg = Release|Win32
		{F7F6DA50-A8BA-4A27-A705-C2F152C8F27B}.Release|x86.Build.0 = Release|Win32
		{E6A65D0C-03B9-4A85-AB6B-8CF6507F86E0}.Debug|x64.ActiveCfg = Debug|x64
		{E6A65D0C-03B9-4A85-AB6B-8CF6507F86E0}.Debug|x64.Build.0 = Debug|x64
		{E6A65D0C-03B9-4A85-AB6B-8CF6507F86E0}.Debug|x86.ActiveCfg = Debug|Win32
		{E6A65D0C-03B9-4A85-AB6B-8CF6507F86E0}.Debug|x86.Build.0 = Debug|Win32
		{E6A65D0C-03B9-4A85-AB6B-8CF6507F86E0}.Release|x64.ActiveCfg = Release|x64
		{E6A65D0C-03B9-4A85-AB6B-8CF6507F86E0}.Release|x64.Build.0 = Release|x64
		{E6A65D0C-03B9-4A85-AB6B-8CF6507F86E0}.Release|x86.ActiveCfg = Release|Win32
		{E6A65D0C-03B9-4A85-AB6B-8CF6507F86E0}.Release|x86.Build.0 = Release|Win32
		{526DC1CD-E653-4286-93EC-BF067E62D4FF}.Debug|x64.ActiveCfg = Debug|x64
		{526DC1CD-E653-4286-93EC-BF067E62D4FF}.Debug|x64.Build.0 = Debug|x64
		{526DC1CD-E653-4286-93EC-BF067E62D4FF}.Debug|x86.ActiveCfg = Debug|Win32
		{526DC1CD-E653-4286-93EC-BF067E62D4FF}.Debug|x86.Build.0 = Debug|Win32
		{526DC1CD-E653-4286-93EC-BF067E62D4FF}.Release|x64.ActiveCfg = Release|x64
		{526DC1CD-E653-4286-93EC-BF067E62D4FF}.Release|x64.Build.0 = Release|x64
		{526DC1CD-E653-4286-93EC-BF067E62D4FF}.Release|x86.ActiveCfg = Release|Win32
		{526DC1CD-E653-4286-93EC-BF067E62D4FF}.Release|x86.Build.0 = Release|Win32
		{61D87CE2-3D5D-4246-83DB-B976525A216B}.Debug|x64.ActiveCfg = Debug|x64
		{61D87CE2-3D5D-4246-83DB-B976525A216B}.Debug|x64.Build.0 = Debug|x64
		{61D87CE2-3D5D-4246-83DB-B976525A216B}.Debug|x86.ActiveCfg = Debug|Win32
		{61D87CE2-3D5D-4246-83DB-B976525A216B}.Debug|x86.Build.0 = Debug|Win32
		{61D87CE2-3D5D-4246-83DB-B976525A216B}.Release|x64.ActiveCfg = Release|x64
		{61D87CE2-3D5D-4246-83DB-B976525A216B}.Release|x64.Build.0 = Release|x64
		{61D87CE2-3D5D-4246-83DB-B976525A216B}.Release|x86.ActiveCfg = Release|Win32
		{61D87CE2-3D5D-4246-83DB-B976525A216B}.Release|x86.Build.0 = Release|Win32
		{4ED449BD-CA1C-4AB3-AD26-684BB46DABAD}.Debug|x64.ActiveCfg = Debug|x64
		{4ED449BD-CA1C-4AB3-AD26-684BB46DABAD}.Debug|x64.Build.0 = Debug|x64
		{4ED449BD-CA1C-4AB3-AD26-684BB46DABAD}.Debug|x86.ActiveCfg = Debug|Win32
		{4ED449BD-CA1C-4AB3-AD26-684BB46DABAD}.Debug|x86.Build.0 = Debug|Win32
		{4ED449BD-CA1C-4AB3-AD26-684BB46DABAD}.Release|x64.ActiveCfg = Release|x64
		{4ED449BD-CA1C-4AB3-AD26-684BB46DABAD}.Release|x64.Build.0 = Release|x64
		{4ED449BD-CA1C-4AB3-AD26-684BB46DABAD}.Release|x86.ActiveCfg = Release|Win32
		{4ED449BD-CA1C-4AB3-AD26-684BB46DABAD}.Release|x86.Build.0 = Release|Win32
	EndGlobalSection
	GlobalSection(SolutionProperties) = preSolution
		HideSolutionNode = FALSE
	EndGlobalSection
	GlobalSection(ExtensibilityGlobals) = postSolution
		SolutionGuid = {86CA07DA-FF85-4341-AC7B-41872CC1FAEA}
	EndGlobalSection
EndGlobal
